
Microsoft Visual Studio Solution File, Format Version 12.00
# Visual Studio Version 17
VisualStudioVersion = 17.6.33723.286
MinimumVisualStudioVersion = 10.0.40219.1
Project("{FAE04EC0-301F-11D3-BF4B-00C04F79EFBC}") = "EasyGit-Copy", "EasyGit-Copy\EasyGit-Copy.csproj", "{68C87FD5-2B47-42EF-A743-C3C870DCB2B9}"
EndProject
Global
	GlobalSection(SolutionConfigurationPlatforms) = preSolution
		Debug|Any CPU = Debug|Any CPU
		Release|Any CPU = Release|Any CPU
	EndGlobalSection
	GlobalSection(ProjectConfigurationPlatforms) = postSolution
		{68C87FD5-2B47-42EF-A743-C3C870DCB2B9}.Debug|Any CPU.ActiveCfg = Debug|Any CPU
		{68C87FD5-2B47-42EF-A743-C3C870DCB2B9}.Debug|Any CPU.Build.0 = Debug|Any CPU
		{68C87FD5-2B47-42EF-A743-C3C870DCB2B9}.Release|Any CPU.ActiveCfg = Release|Any CPU
		{68C87FD5-2B47-42EF-A743-C3C870DCB2B9}.Release|Any CPU.Build.0 = Release|Any CPU
	EndGlobalSection
	GlobalSection(SolutionProperties) = preSolution
		HideSolutionNode = FALSE
	EndGlobalSection
	GlobalSection(ExtensibilityGlobals) = postSolution
		SolutionGuid = {63C78E47-F375-45F7-B6F4-2B98505E73C6}
	EndGlobalSection
EndGlobal
